// !$*UTF8*$!
{
	archiveVersion = 1;
	classes = {
	};
	objectVersion = 56;
	objects = {

/* Begin PBXBuildFile section */
		638356632A0D3218009421E7 /* AppDelegate.swift in Sources */ = {isa = PBXBuildFile; fileRef = 638356622A0D3218009421E7 /* AppDelegate.swift */; };
		638356652A0D3218009421E7 /* SceneDelegate.swift in Sources */ = {isa = PBXBuildFile; fileRef = 638356642A0D3218009421E7 /* SceneDelegate.swift */; };
		638356672A0D3218009421E7 /* ViewController.swift in Sources */ = {isa = PBXBuildFile; fileRef = 638356662A0D3218009421E7 /* ViewController.swift */; };
		6383566A2A0D3218009421E7 /* Main.storyboard in Resources */ = {isa = PBXBuildFile; fileRef = 638356682A0D3218009421E7 /* Main.storyboard */; };
		6383566C2A0D321C009421E7 /* Assets.xcassets in Resources */ = {isa = PBXBuildFile; fileRef = 6383566B2A0D321C009421E7 /* Assets.xcassets */; };
		6383566F2A0D321C009421E7 /* LaunchScreen.storyboard in Resources */ = {isa = PBXBuildFile; fileRef = 6383566D2A0D321C009421E7 /* LaunchScreen.storyboard */; };
		6383567A2A0D321D009421E7 /* TDD_LabTests.swift in Sources */ = {isa = PBXBuildFile; fileRef = 638356792A0D321D009421E7 /* TDD_LabTests.swift */; };
		638356842A0D321D009421E7 /* TDD_LabUITests.swift in Sources */ = {isa = PBXBuildFile; fileRef = 638356832A0D321D009421E7 /* TDD_LabUITests.swift */; };
		638356862A0D321D009421E7 /* TDD_LabUITestsLaunchTests.swift in Sources */ = {isa = PBXBuildFile; fileRef = 638356852A0D321D009421E7 /* TDD_LabUITestsLaunchTests.swift */; };
		638356942A0D3272009421E7 /* Person.swift in Sources */ = {isa = PBXBuildFile; fileRef = 638356922A0D326E009421E7 /* Person.swift */; };
		6383570D2A127F91009421E7 /* TDD_FakeTests.swift in Sources */ = {isa = PBXBuildFile; fileRef = 6383570C2A127F90009421E7 /* TDD_FakeTests.swift */; };
/* End PBXBuildFile section */

/* Begin PBXContainerItemProxy section */
		638356762A0D321D009421E7 /* PBXContainerItemProxy */ = {
			isa = PBXContainerItemProxy;
			containerPortal = 638356572A0D3218009421E7 /* Project object */;
			proxyType = 1;
			remoteGlobalIDString = 6383565E2A0D3218009421E7;
			remoteInfo = "TDD Lab";
		};
		638356802A0D321D009421E7 /* PBXContainerItemProxy */ = {
			isa = PBXContainerItemProxy;
			containerPortal = 638356572A0D3218009421E7 /* Project object */;
			proxyType = 1;
			remoteGlobalIDString = 6383565E2A0D3218009421E7;
			remoteInfo = "TDD Lab";
		};
/* End PBXContainerItemProxy section */

/* Begin PBXFileReference section */
		6383565F2A0D3218009421E7 /* TDD Lab.app */ = {isa = PBXFileReference; explicitFileType = wrapper.application; includeInIndex = 0; path = "TDD Lab.app"; sourceTree = BUILT_PRODUCTS_DIR; };
		638356622A0D3218009421E7 /* AppDelegate.swift */ = {isa = PBXFileReference; lastKnownFileType = sourcecode.swift; path = AppDelegate.swift; sourceTree = "<group>"; };
		638356642A0D3218009421E7 /* SceneDelegate.swift */ = {isa = PBXFileReference; lastKnownFileType = sourcecode.swift; path = SceneDelegate.swift; sourceTree = "<group>"; };
		638356662A0D3218009421E7 /* ViewController.swift */ = {isa = PBXFileReference; lastKnownFileType = sourcecode.swift; path = ViewController.swift; sourceTree = "<group>"; };
		638356692A0D3218009421E7 /* Base */ = {isa = PBXFileReference; lastKnownFileType = file.storyboard; name = Base; path = Base.lproj/Main.storyboard; sourceTree = "<group>"; };
		6383566B2A0D321C009421E7 /* Assets.xcassets */ = {isa = PBXFileReference; lastKnownFileType = folder.assetcatalog; path = Assets.xcassets; sourceTree = "<group>"; };
		6383566E2A0D321C009421E7 /* Base */ = {isa = PBXFileReference; lastKnownFileType = file.storyboard; name = Base; path = Base.lproj/LaunchScreen.storyboard; sourceTree = "<group>"; };
		638356702A0D321C009421E7 /* Info.plist */ = {isa = PBXFileReference; lastKnownFileType = text.plist.xml; path = Info.plist; sourceTree = "<group>"; };
		638356752A0D321D009421E7 /* TDD LabTests.xctest */ = {isa = PBXFileReference; explicitFileType = wrapper.cfbundle; includeInIndex = 0; path = "TDD LabTests.xctest"; sourceTree = BUILT_PRODUCTS_DIR; };
		638356792A0D321D009421E7 /* TDD_LabTests.swift */ = {isa = PBXFileReference; lastKnownFileType = sourcecode.swift; path = TDD_LabTests.swift; sourceTree = "<group>"; };
		6383567F2A0D321D009421E7 /* TDD LabUITests.xctest */ = {isa = PBXFileReference; explicitFileType = wrapper.cfbundle; includeInIndex = 0; path = "TDD LabUITests.xctest"; sourceTree = BUILT_PRODUCTS_DIR; };
		638356832A0D321D009421E7 /* TDD_LabUITests.swift */ = {isa = PBXFileReference; lastKnownFileType = sourcecode.swift; path = TDD_LabUITests.swift; sourceTree = "<group>"; };
		638356852A0D321D009421E7 /* TDD_LabUITestsLaunchTests.swift */ = {isa = PBXFileReference; lastKnownFileType = sourcecode.swift; path = TDD_LabUITestsLaunchTests.swift; sourceTree = "<group>"; };
		638356922A0D326E009421E7 /* Person.swift */ = {isa = PBXFileReference; lastKnownFileType = sourcecode.swift; name = Person.swift; path = "TDD Lab/Person.swift"; sourceTree = SOURCE_ROOT; };
		6383570C2A127F90009421E7 /* TDD_FakeTests.swift */ = {isa = PBXFileReference; lastKnownFileType = sourcecode.swift; path = TDD_FakeTests.swift; sourceTree = "<group>"; };
/* End PBXFileReference section */

/* Begin PBXFrameworksBuildPhase section */
		6383565C2A0D3218009421E7 /* Frameworks */ = {
			isa = PBXFrameworksBuildPhase;
			buildActionMask = 2147483647;
			files = (
			);
			runOnlyForDeploymentPostprocessing = 0;
		};
		638356722A0D321D009421E7 /* Frameworks */ = {
			isa = PBXFrameworksBuildPhase;
			buildActionMask = 2147483647;
			files = (
			);
			runOnlyForDeploymentPostprocessing = 0;
		};
		6383567C2A0D321D009421E7 /* Frameworks */ = {
			isa = PBXFrameworksBuildPhase;
			buildActionMask = 2147483647;
			files = (
			);
			runOnlyForDeploymentPostprocessing = 0;
		};
/* End PBXFrameworksBuildPhase section */

/* Begin PBXGroup section */
		638356562A0D3218009421E7 = {
			isa = PBXGroup;
			children = (
				638356612A0D3218009421E7 /* TDD Lab */,
				638356782A0D321D009421E7 /* TDD LabTests */,
				638356822A0D321D009421E7 /* TDD LabUITests */,
				638356602A0D3218009421E7 /* Products */,
			);
			sourceTree = "<group>";
		};
		638356602A0D3218009421E7 /* Products */ = {
			isa = PBXGroup;
			children = (
				6383565F2A0D3218009421E7 /* TDD Lab.app */,
				638356752A0D321D009421E7 /* TDD LabTests.xctest */,
				6383567F2A0D321D009421E7 /* TDD LabUITests.xctest */,
			);
			name = Products;
			sourceTree = "<group>";
		};
		638356612A0D3218009421E7 /* TDD Lab */ = {
			isa = PBXGroup;
			children = (
				638356622A0D3218009421E7 /* AppDelegate.swift */,
				638356642A0D3218009421E7 /* SceneDelegate.swift */,
				638356662A0D3218009421E7 /* ViewController.swift */,
				638356922A0D326E009421E7 /* Person.swift */,
				638356682A0D3218009421E7 /* Main.storyboard */,
				6383566B2A0D321C009421E7 /* Assets.xcassets */,
				6383566D2A0D321C009421E7 /* LaunchScreen.storyboard */,
				638356702A0D321C009421E7 /* Info.plist */,
			);
			path = "TDD Lab";
			sourceTree = "<group>";
		};
		638356782A0D321D009421E7 /* TDD LabTests */ = {
			isa = PBXGroup;
			children = (
				638356792A0D321D009421E7 /* TDD_LabTests.swift */,
				6383570C2A127F90009421E7 /* TDD_FakeTests.swift */,
			);
			path = "TDD LabTests";
			sourceTree = "<group>";
		};
		638356822A0D321D009421E7 /* TDD LabUITests */ = {
			isa = PBXGroup;
			children = (
				638356832A0D321D009421E7 /* TDD_LabUITests.swift */,
				638356852A0D321D009421E7 /* TDD_LabUITestsLaunchTests.swift */,
			);
			path = "TDD LabUITests";
			sourceTree = "<group>";
		};
/* End PBXGroup section */

/* Begin PBXNativeTarget section */
		6383565E2A0D3218009421E7 /* TDD Lab */ = {
			isa = PBXNativeTarget;
			buildConfigurationList = 638356892A0D321D009421E7 /* Build configuration list for PBXNativeTarget "TDD Lab" */;
			buildPhases = (
				6383565B2A0D3218009421E7 /* Sources */,
				6383565C2A0D3218009421E7 /* Frameworks */,
				6383565D2A0D3218009421E7 /* Resources */,
			);
			buildRules = (
			);
			dependencies = (
			);
			name = "TDD Lab";
			productName = "TDD Lab";
			productReference = 6383565F2A0D3218009421E7 /* TDD Lab.app */;
			productType = "com.apple.product-type.application";
		};
		638356742A0D321D009421E7 /* TDD LabTests */ = {
			isa = PBXNativeTarget;
			buildConfigurationList = 6383568C2A0D321D009421E7 /* Build configuration list for PBXNativeTarget "TDD LabTests" */;
			buildPhases = (
				638356712A0D321D009421E7 /* Sources */,
				638356722A0D321D009421E7 /* Frameworks */,
				638356732A0D321D009421E7 /* Resources */,
			);
			buildRules = (
			);
			dependencies = (
				638356772A0D321D009421E7 /* PBXTargetDependency */,
			);
			name = "TDD LabTests";
			productName = "TDD LabTests";
			productReference = 638356752A0D321D009421E7 /* TDD LabTests.xctest */;
			productType = "com.apple.product-type.bundle.unit-test";
		};
		6383567E2A0D321D009421E7 /* TDD LabUITests */ = {
			isa = PBXNativeTarget;
			buildConfigurationList = 6383568F2A0D321D009421E7 /* Build configuration list for PBXNativeTarget "TDD LabUITests" */;
			buildPhases = (
				6383567B2A0D321D009421E7 /* Sources */,
				6383567C2A0D321D009421E7 /* Frameworks */,
				6383567D2A0D321D009421E7 /* Resources */,
			);
			buildRules = (
			);
			dependencies = (
				638356812A0D321D009421E7 /* PBXTargetDependency */,
			);
			name = "TDD LabUITests";
			productName = "TDD LabUITests";
			productReference = 6383567F2A0D321D009421E7 /* TDD LabUITests.xctest */;
			productType = "com.apple.product-type.bundle.ui-testing";
		};
/* End PBXNativeTarget section */

/* Begin PBXProject section */
		638356572A0D3218009421E7 /* Project object */ = {
			isa = PBXProject;
			attributes = {
				BuildIndependentTargetsInParallel = 1;
				LastSwiftUpdateCheck = 1430;
				LastUpgradeCheck = 1430;
				TargetAttributes = {
					6383565E2A0D3218009421E7 = {
						CreatedOnToolsVersion = 14.3;
					};
					638356742A0D321D009421E7 = {
						CreatedOnToolsVersion = 14.3;
						TestTargetID = 6383565E2A0D3218009421E7;
					};
					6383567E2A0D321D009421E7 = {
						CreatedOnToolsVersion = 14.3;
						TestTargetID = 6383565E2A0D3218009421E7;
					};
				};
			};
			buildConfigurationList = 6383565A2A0D3218009421E7 /* Build configuration list for PBXProject "TDD Lab" */;
			compatibilityVersion = "Xcode 14.0";
			developmentRegion = en;
			hasScannedForEncodings = 0;
			knownRegions = (
				en,
				Base,
			);
			mainGroup = 638356562A0D3218009421E7;
			productRefGroup = 638356602A0D3218009421E7 /* Products */;
			projectDirPath = "";
			projectRoot = "";
			targets = (
				6383565E2A0D3218009421E7 /* TDD Lab */,
				638356742A0D321D009421E7 /* TDD LabTests */,
				6383567E2A0D321D009421E7 /* TDD LabUITests */,
			);
		};
/* End PBXProject section */

/* Begin PBXResourcesBuildPhase section */
		6383565D2A0D3218009421E7 /* Resources */ = {
			isa = PBXResourcesBuildPhase;
			buildActionMask = 2147483647;
			files = (
				6383566F2A0D321C009421E7 /* LaunchScreen.storyboard in Resources */,
				6383566C2A0D321C009421E7 /* Assets.xcassets in Resources */,
				6383566A2A0D3218009421E7 /* Main.storyboard in Resources */,
			);
			runOnlyForDeploymentPostprocessing = 0;
		};
		638356732A0D321D009421E7 /* Resources */ = {
			isa = PBXResourcesBuildPhase;
			buildActionMask = 2147483647;
			files = (
			);
			runOnlyForDeploymentPostprocessing = 0;
		};
		6383567D2A0D321D009421E7 /* Resources */ = {
			isa = PBXResourcesBuildPhase;
			buildActionMask = 2147483647;
			files = (
			);
			runOnlyForDeploymentPostprocessing = 0;
		};
/* End PBXResourcesBuildPhase section */

/* Begin PBXSourcesBuildPhase section */
		6383565B2A0D3218009421E7 /* Sources */ = {
			isa = PBXSourcesBuildPhase;
			buildActionMask = 2147483647;
			files = (
				638356672A0D3218009421E7 /* ViewController.swift in Sources */,
				638356632A0D3218009421E7 /* AppDelegate.swift in Sources */,
				638356942A0D3272009421E7 /* Person.swift in Sources */,
				638356652A0D3218009421E7 /* SceneDelegate.swift in Sources */,
			);
			runOnlyForDeploymentPostprocessing = 0;
		};
		638356712A0D321D009421E7 /* Sources */ = {
			isa = PBXSourcesBuildPhase;
			buildActionMask = 2147483647;
			files = (
				6383567A2A0D321D009421E7 /* TDD_LabTests.swift in Sources */,
				6383570D2A127F91009421E7 /* TDD_FakeTests.swift in Sources */,
			);
			runOnlyForDeploymentPostprocessing = 0;
		};
		6383567B2A0D321D009421E7 /* Sources */ = {
			isa = PBXSourcesBuildPhase;
			buildActionMask = 2147483647;
			files = (
				638356842A0D321D009421E7 /* TDD_LabUITests.swift in Sources */,
				638356862A0D321D009421E7 /* TDD_LabUITestsLaunchTests.swift in Sources */,
			);
			runOnlyForDeploymentPostprocessing = 0;
		};
/* End PBXSourcesBuildPhase section */

/* Begin PBXTargetDependency section */
		638356772A0D321D009421E7 /* PBXTargetDependency */ = {
			isa = PBXTargetDependency;
			target = 6383565E2A0D3218009421E7 /* TDD Lab */;
			targetProxy = 638356762A0D321D009421E7 /* PBXContainerItemProxy */;
		};
		638356812A0D321D009421E7 /* PBXTargetDependency */ = {
			isa = PBXTargetDependency;
			target = 6383565E2A0D3218009421E7 /* TDD Lab */;
			targetProxy = 638356802A0D321D009421E7 /* PBXContainerItemProxy */;
		};
/* End PBXTargetDependency section */

/* Begin PBXVariantGroup section */
		638356682A0D3218009421E7 /* Main.storyboard */ = {
			isa = PBXVariantGroup;
			children = (
				638356692A0D3218009421E7 /* Base */,
			);
			name = Main.storyboard;
			sourceTree = "<group>";
		};
		6383566D2A0D321C009421E7 /* LaunchScreen.storyboard */ = {
			isa = PBXVariantGroup;
			children = (
				6383566E2A0D321C009421E7 /* Base */,
			);
			name = LaunchScreen.storyboard;
			sourceTree = "<group>";
		};
/* End PBXVariantGroup section */

/* Begin XCBuildConfiguration section */
		638356872A0D321D009421E7 /* Debug */ = {
			isa = XCBuildConfiguration;
			buildSettings = {
				ALWAYS_SEARCH_USER_PATHS = NO;
				CLANG_ANALYZER_NONNULL = YES;
				CLANG_ANALYZER_NUMBER_OBJECT_CONVERSION = YES_AGGRESSIVE;
				CLANG_CXX_LANGUAGE_STANDARD = "gnu++20";
				CLANG_ENABLE_MODULES = YES;
				CLANG_ENABLE_OBJC_ARC = YES;
				CLANG_ENABLE_OBJC_WEAK = YES;
				CLANG_WARN_BLOCK_CAPTURE_AUTORELEASING = YES;
				CLANG_WARN_BOOL_CONVERSION = YES;
				CLANG_WARN_COMMA = YES;
				CLANG_WARN_CONSTANT_CONVERSION = YES;
				CLANG_WARN_DEPRECATED_OBJC_IMPLEMENTATIONS = YES;
				CLANG_WARN_DIRECT_OBJC_ISA_USAGE = YES_ERROR;
				CLANG_WARN_DOCUMENTATION_COMMENTS = YES;
				CLANG_WARN_EMPTY_BODY = YES;
				CLANG_WARN_ENUM_CONVERSION = YES;
				CLANG_WARN_INFINITE_RECURSION = YES;
				CLANG_WARN_INT_CONVERSION = YES;
				CLANG_WARN_NON_LITERAL_NULL_CONVERSION = YES;
				CLANG_WARN_OBJC_IMPLICIT_RETAIN_SELF = YES;
				CLANG_WARN_OBJC_LITERAL_CONVERSION = YES;
				CLANG_WARN_OBJC_ROOT_CLASS = YES_ERROR;
				CLANG_WARN_QUOTED_INCLUDE_IN_FRAMEWORK_HEADER = YES;
				CLANG_WARN_RANGE_LOOP_ANALYSIS = YES;
				CLANG_WARN_STRICT_PROTOTYPES = YES;
				CLANG_WARN_SUSPICIOUS_MOVE = YES;
				CLANG_WARN_UNGUARDED_AVAILABILITY = YES_AGGRESSIVE;
				CLANG_WARN_UNREACHABLE_CODE = YES;
				CLANG_WARN__DUPLICATE_METHOD_MATCH = YES;
				COPY_PHASE_STRIP = NO;
				DEBUG_INFORMATION_FORMAT = dwarf;
				ENABLE_STRICT_OBJC_MSGSEND = YES;
				ENABLE_TESTABILITY = YES;
				GCC_C_LANGUAGE_STANDARD = gnu11;
				GCC_DYNAMIC_NO_PIC = NO;
				GCC_NO_COMMON_BLOCKS = YES;
				GCC_OPTIMIZATION_LEVEL = 0;
				GCC_PREPROCESSOR_DEFINITIONS = (
					"DEBUG=1",
					"$(inherited)",
				);
				GCC_WARN_64_TO_32_BIT_CONVERSION = YES;
				GCC_WARN_ABOUT_RETURN_TYPE = YES_ERROR;
				GCC_WARN_UNDECLARED_SELECTOR = YES;
				GCC_WARN_UNINITIALIZED_AUTOS = YES_AGGRESSIVE;
				GCC_WARN_UNUSED_FUNCTION = YES;
				GCC_WARN_UNUSED_VARIABLE = YES;
				IPHONEOS_DEPLOYMENT_TARGET = 16.4;
				MTL_ENABLE_DEBUG_INFO = INCLUDE_SOURCE;
				MTL_FAST_MATH = YES;
				ONLY_ACTIVE_ARCH = YES;
				SDKROOT = iphoneos;
				SWIFT_ACTIVE_COMPILATION_CONDITIONS = DEBUG;
				SWIFT_OPTIMIZATION_LEVEL = "-Onone";
			};
			name = Debug;
		};
		638356882A0D321D009421E7 /* Release */ = {
			isa = XCBuildConfiguration;
			buildSettings = {
				ALWAYS_SEARCH_USER_PATHS = NO;
				CLANG_ANALYZER_NONNULL = YES;
				CLANG_ANALYZER_NUMBER_OBJECT_CONVERSION = YES_AGGRESSIVE;
				CLANG_CXX_LANGUAGE_STANDARD = "gnu++20";
				CLANG_ENABLE_MODULES = YES;
				CLANG_ENABLE_OBJC_ARC = YES;
				CLANG_ENABLE_OBJC_WEAK = YES;
				CLANG_WARN_BLOCK_CAPTURE_AUTORELEASING = YES;
				CLANG_WARN_BOOL_CONVERSION = YES;
				CLANG_WARN_COMMA = YES;
				CLANG_WARN_CONSTANT_CONVERSION = YES;
				CLANG_WARN_DEPRECATED_OBJC_IMPLEMENTATIONS = YES;
				CLANG_WARN_DIRECT_OBJC_ISA_USAGE = YES_ERROR;
				CLANG_WARN_DOCUMENTATION_COMMENTS = YES;
				CLANG_WARN_EMPTY_BODY = YES;
				CLANG_WARN_ENUM_CONVERSION = YES;
				CLANG_WARN_INFINITE_RECURSION = YES;
				CLANG_WARN_INT_CONVERSION = YES;
				CLANG_WARN_NON_LITERAL_NULL_CONVERSION = YES;
				CLANG_WARN_OBJC_IMPLICIT_RETAIN_SELF = YES;
				CLANG_WARN_OBJC_LITERAL_CONVERSION = YES;
				CLANG_WARN_OBJC_ROOT_CLASS = YES_ERROR;
				CLANG_WARN_QUOTED_INCLUDE_IN_FRAMEWORK_HEADER = YES;
				CLANG_WARN_RANGE_LOOP_ANALYSIS = YES;
				CLANG_WARN_STRICT_PROTOTYPES = YES;
				CLANG_WARN_SUSPICIOUS_MOVE = YES;
				CLANG_WARN_UNGUARDED_AVAILABILITY = YES_AGGRESSIVE;
				CLANG_WARN_UNREACHABLE_CODE = YES;
				CLANG_WARN__DUPLICATE_METHOD_MATCH = YES;
				COPY_PHASE_STRIP = NO;
				DEBUG_INFORMATION_FORMAT = "dwarf-with-dsym";
				ENABLE_NS_ASSERTIONS = NO;
				ENABLE_STRICT_OBJC_MSGSEND = YES;
				GCC_C_LANGUAGE_STANDARD = gnu11;
				GCC_NO_COMMON_BLOCKS = YES;
				GCC_WARN_64_TO_32_BIT_CONVERSION = YES;
				GCC_WARN_ABOUT_RETURN_TYPE = YES_ERROR;
				GCC_WARN_UNDECLARED_SELECTOR = YES;
				GCC_WARN_UNINITIALIZED_AUTOS = YES_AGGRESSIVE;
				GCC_WARN_UNUSED_FUNCTION = YES;
				GCC_WARN_UNUSED_VARIABLE = YES;
				IPHONEOS_DEPLOYMENT_TARGET = 16.4;
				MTL_ENABLE_DEBUG_INFO = NO;
				MTL_FAST_MATH = YES;
				SDKROOT = iphoneos;
				SWIFT_COMPILATION_MODE = wholemodule;
				SWIFT_OPTIMIZATION_LEVEL = "-O";
				VALIDATE_PRODUCT = YES;
			};
			name = Release;
		};
		6383568A2A0D321D009421E7 /* Debug */ = {
			isa = XCBuildConfiguration;
			buildSettings = {
				ASSETCATALOG_COMPILER_APPICON_NAME = AppIcon;
				ASSETCATALOG_COMPILER_GLOBAL_ACCENT_COLOR_NAME = AccentColor;
				CODE_SIGN_STYLE = Automatic;
				CURRENT_PROJECT_VERSION = 1;
				DEVELOPMENT_TEAM = SR297L5V26;
				GENERATE_INFOPLIST_FILE = YES;
				INFOPLIST_FILE = "TDD Lab/Info.plist";
				INFOPLIST_KEY_UIApplicationSupportsIndirectInputEvents = YES;
				INFOPLIST_KEY_UILaunchStoryboardName = LaunchScreen;
				INFOPLIST_KEY_UIMainStoryboardFile = Main;
				INFOPLIST_KEY_UISupportedInterfaceOrientations_iPad = "UIInterfaceOrientationPortrait UIInterfaceOrientationPortraitUpsideDown UIInterfaceOrientationLandscapeLeft UIInterfaceOrientationLandscapeRight";
				INFOPLIST_KEY_UISupportedInterfaceOrientations_iPhone = "UIInterfaceOrientationPortrait UIInterfaceOrientationLandscapeLeft UIInterfaceOrientationLandscapeRight";
				LD_RUNPATH_SEARCH_PATHS = (
					"$(inherited)",
					"@executable_path/Frameworks",
				);
				MARKETING_VERSION = 1.0;
				PRODUCT_BUNDLE_IDENTIFIER = "com.mtecexampleproj.TDD-Lab";
				PRODUCT_NAME = "$(TARGET_NAME)";
				SWIFT_EMIT_LOC_STRINGS = YES;
				SWIFT_VERSION = 5.0;
				TARGETED_DEVICE_FAMILY = "1,2";
			};
			name = Debug;
		};
		6383568B2A0D321D009421E7 /* Release */ = {
			isa = XCBuildConfiguration;
			buildSettings = {
				ASSETCATALOG_COMPILER_APPICON_NAME = AppIcon;
				ASSETCATALOG_COMPILER_GLOBAL_ACCENT_COLOR_NAME = AccentColor;
				CODE_SIGN_STYLE = Automatic;
				CURRENT_PROJECT_VERSION = 1;
				DEVELOPMENT_TEAM = SR297L5V26;
				GENERATE_INFOPLIST_FILE = YES;
				INFOPLIST_FILE = "TDD Lab/Info.plist";
				INFOPLIST_KEY_UIApplicationSupportsIndirectInputEvents = YES;
				INFOPLIST_KEY_UILaunchStoryboardName = LaunchScreen;
				INFOPLIST_KEY_UIMainStoryboardFile = Main;
				INFOPLIST_KEY_UISupportedInterfaceOrientations_iPad = "UIInterfaceOrientationPortrait UIInterfaceOrientationPortraitUpsideDown UIInterfaceOrientationLandscapeLeft UIInterfaceOrientationLandscapeRight";
				INFOPLIST_KEY_UISupportedInterfaceOrientations_iPhone = "UIInterfaceOrientationPortrait UIInterfaceOrientationLandscapeLeft UIInterfaceOrientationLandscapeRight";
				LD_RUNPATH_SEARCH_PATHS = (
					"$(inherited)",
					"@executable_path/Frameworks",
				);
				MARKETING_VERSION = 1.0;
				PRODUCT_BUNDLE_IDENTIFIER = "com.mtecexampleproj.TDD-Lab";
				PRODUCT_NAME = "$(TARGET_NAME)";
				SWIFT_EMIT_LOC_STRINGS = YES;
				SWIFT_VERSION = 5.0;
				TARGETED_DEVICE_FAMILY = "1,2";
			};
			name = Release;
		};
		6383568D2A0D321D009421E7 /* Debug */ = {
			isa = XCBuildConfiguration;
			buildSettings = {
				ALWAYS_EMBED_SWIFT_STANDARD_LIBRARIES = YES;
				BUNDLE_LOADER = "$(TEST_HOST)";
				CODE_SIGN_STYLE = Automatic;
				CURRENT_PROJECT_VERSION = 1;
				DEVELOPMENT_TEAM = SR297L5V26;
				GENERATE_INFOPLIST_FILE = YES;
				IPHONEOS_DEPLOYMENT_TARGET = 16.4;
				MARKETING_VERSION = 1.0;
				PRODUCT_BUNDLE_IDENTIFIER = "com.mtecexampleproj.TDD-LabTests";
				PRODUCT_NAME = "$(TARGET_NAME)";
				SWIFT_EMIT_LOC_STRINGS = NO;
				SWIFT_VERSION = 5.0;
				TARGETED_DEVICE_FAMILY = "1,2";
				TEST_HOST = "$(BUILT_PRODUCTS_DIR)/TDD Lab.app/$(BUNDLE_EXECUTABLE_FOLDER_PATH)/TDD Lab";
			};
			name = Debug;
		};
		6383568E2A0D321D009421E7 /* Release */ = {
			isa = XCBuildConfiguration;
			buildSettings = {
				ALWAYS_EMBED_SWIFT_STANDARD_LIBRARIES = YES;
				BUNDLE_LOADER = "$(TEST_HOST)";
				CODE_SIGN_STYLE = Automatic;
				CURRENT_PROJECT_VERSION = 1;
				DEVELOPMENT_TEAM = SR297L5V26;
				GENERATE_INFOPLIST_FILE = YES;
				IPHONEOS_DEPLOYMENT_TARGET = 16.4;
				MARKETING_VERSION = 1.0;
				PRODUCT_BUNDLE_IDENTIFIER = "com.mtecexampleproj.TDD-LabTests";
				PRODUCT_NAME = "$(TARGET_NAME)";
				SWIFT_EMIT_LOC_STRINGS = NO;
				SWIFT_VERSION = 5.0;
				TARGETED_DEVICE_FAMILY = "1,2";
				TEST_HOST = "$(BUILT_PRODUCTS_DIR)/TDD Lab.app/$(BUNDLE_EXECUTABLE_FOLDER_PATH)/TDD Lab";
			};
			name = Release;
		};
		638356902A0D321D009421E7 /* Debug */ = {
			isa = XCBuildConfiguration;
			buildSettings = {
				ALWAYS_EMBED_SWIFT_STANDARD_LIBRARIES = YES;
				CODE_SIGN_STYLE = Automatic;
				CURRENT_PROJECT_VERSION = 1;
				DEVELOPMENT_TEAM = SR297L5V26;
				GENERATE_INFOPLIST_FILE = YES;
				MARKETING_VERSION = 1.0;
				PRODUCT_BUNDLE_IDENTIFIER = "com.mtecexampleproj.TDD-LabUITests";
				PRODUCT_NAME = "$(TARGET_NAME)";
				SWIFT_EMIT_LOC_STRINGS = NO;
				SWIFT_VERSION = 5.0;
				TARGETED_DEVICE_FAMILY = "1,2";
				TEST_TARGET_NAME = "TDD Lab";
			};
			name = Debug;
		};
		638356912A0D321D009421E7 /* Release */ = {
			isa = XCBuildConfiguration;
			buildSettings = {
				ALWAYS_EMBED_SWIFT_STANDARD_LIBRARIES = YES;
				CODE_SIGN_STYLE = Automatic;
				CURRENT_PROJECT_VERSION = 1;
				DEVELOPMENT_TEAM = SR297L5V26;
				GENERATE_INFOPLIST_FILE = YES;
				MARKETING_VERSION = 1.0;
				PRODUCT_BUNDLE_IDENTIFIER = "com.mtecexampleproj.TDD-LabUITests";
				PRODUCT_NAME = "$(TARGET_NAME)";
				SWIFT_EMIT_LOC_STRINGS = NO;
				SWIFT_VERSION = 5.0;
				TARGETED_DEVICE_FAMILY = "1,2";
				TEST_TARGET_NAME = "TDD Lab";
			};
			name = Release;
		};
/* End XCBuildConfiguration section */

/* Begin XCConfigurationList section */
		6383565A2A0D3218009421E7 /* Build configuration list for PBXProject "TDD Lab" */ = {
			isa = XCConfigurationList;
			buildConfigurations = (
				638356872A0D321D009421E7 /* Debug */,
				638356882A0D321D009421E7 /* Release */,
			);
			defaultConfigurationIsVisible = 0;
			defaultConfigurationName = Release;
		};
		638356892A0D321D009421E7 /* Build configuration list for PBXNativeTarget "TDD Lab" */ = {
			isa = XCConfigurationList;
			buildConfigurations = (
				6383568A2A0D321D009421E7 /* Debug */,
				6383568B2A0D321D009421E7 /* Release */,
			);
			defaultConfigurationIsVisible = 0;
			defaultConfigurationName = Release;
		};
		6383568C2A0D321D009421E7 /* Build configuration list for PBXNativeTarget "TDD LabTests" */ = {
			isa = XCConfigurationList;
			buildConfigurations = (
				6383568D2A0D321D009421E7 /* Debug */,
				6383568E2A0D321D009421E7 /* Release */,
			);
			defaultConfigurationIsVisible = 0;
			defaultConfigurationName = Release;
		};
		6383568F2A0D321D009421E7 /* Build configuration list for PBXNativeTarget "TDD LabUITests" */ = {
			isa = XCConfigurationList;
			buildConfigurations = (
				638356902A0D321D009421E7 /* Debug */,
				638356912A0D321D009421E7 /* Release */,
			);
			defaultConfigurationIsVisible = 0;
			defaultConfigurationName = Release;
		};
/* End XCConfigurationList section */
	};
	rootObject = 638356572A0D3218009421E7 /* Project object */;
}
